
Microsoft Visual Studio Solution File, Format Version 12.00
# Visual Studio Version 17
VisualStudioVersion = 17.14.36518.9 d17.14
MinimumVisualStudioVersion = 10.0.40219.1
Project("{FAE04EC0-301F-11D3-BF4B-00C04F79EFBC}") = "u24628299_Ass3", "u24628299_Ass3.csproj", "{386E4997-82BE-4E04-ACC1-631E96A779F7}"
EndProject
Global
	GlobalSection(SolutionConfigurationPlatforms) = preSolution
		Debug|Any CPU = Debug|Any CPU
		Release|Any CPU = Release|Any CPU
	EndGlobalSection
	GlobalSection(ProjectConfigurationPlatforms) = postSolution
		{386E4997-82BE-4E04-ACC1-631E96A779F7}.Debug|Any CPU.ActiveCfg = Debug|Any CPU
		{386E4997-82BE-4E04-ACC1-631E96A779F7}.Debug|Any CPU.Build.0 = Debug|Any CPU
		{386E4997-82BE-4E04-ACC1-631E96A779F7}.Release|Any CPU.ActiveCfg = Release|Any CPU
		{386E4997-82BE-4E04-ACC1-631E96A779F7}.Release|Any CPU.Build.0 = Release|Any CPU
	EndGlobalSection
	GlobalSection(SolutionProperties) = preSolution
		HideSolutionNode = FALSE
	EndGlobalSection
	GlobalSection(ExtensibilityGlobals) = postSolution
		SolutionGuid = {536C6DED-57A2-4D13-AAE1-6ACD7ED4E5C5}
	EndGlobalSection
EndGlobal
